
Microsoft Visual Studio Solution File, Format Version 12.00
# Visual Studio Version 17
VisualStudioVersion = 17.1.32328.378
MinimumVisualStudioVersion = 10.0.40219.1
Project("{FAE04EC0-301F-11D3-BF4B-00C04F79EFBC}") = "Spotify-Server", "Spotify-Server\Spotify-Server.csproj", "{B280AF56-3ED1-4449-9178-E8C831469D44}"
EndProject
Project("{FAE04EC0-301F-11D3-BF4B-00C04F79EFBC}") = "Data", "Data\Data.csproj", "{F4A37852-F22C-420D-826A-A13D15F9F758}"
EndProject
Project("{FAE04EC0-301F-11D3-BF4B-00C04F79EFBC}") = "Application", "Application\Application.csproj", "{C77C5910-27CD-433E-8754-481F18A2B63E}"
EndProject
Global
	GlobalSection(SolutionConfigurationPlatforms) = preSolution
		Debug|Any CPU = Debug|Any CPU
		Release|Any CPU = Release|Any CPU
	EndGlobalSection
	GlobalSection(ProjectConfigurationPlatforms) = postSolution
		{B280AF56-3ED1-4449-9178-E8C831469D44}.Debug|Any CPU.ActiveCfg = Debug|Any CPU
		{B280AF56-3ED1-4449-9178-E8C831469D44}.Debug|Any CPU.Build.0 = Debug|Any CPU
		{B280AF56-3ED1-4449-9178-E8C831469D44}.Release|Any CPU.ActiveCfg = Release|Any CPU
		{B280AF56-3ED1-4449-9178-E8C831469D44}.Release|Any CPU.Build.0 = Release|Any CPU
		{F4A37852-F22C-420D-826A-A13D15F9F758}.Debug|Any CPU.ActiveCfg = Debug|Any CPU
		{F4A37852-F22C-420D-826A-A13D15F9F758}.Debug|Any CPU.Build.0 = Debug|Any CPU
		{F4A37852-F22C-420D-826A-A13D15F9F758}.Release|Any CPU.ActiveCfg = Release|Any CPU
		{F4A37852-F22C-420D-826A-A13D15F9F758}.Release|Any CPU.Build.0 = Release|Any CPU
		{C77C5910-27CD-433E-8754-481F18A2B63E}.Debug|Any CPU.ActiveCfg = Debug|Any CPU
		{C77C5910-27CD-433E-8754-481F18A2B63E}.Debug|Any CPU.Build.0 = Debug|Any CPU
		{C77C5910-27CD-433E-8754-481F18A2B63E}.Release|Any CPU.ActiveCfg = Release|Any CPU
		{C77C5910-27CD-433E-8754-481F18A2B63E}.Release|Any CPU.Build.0 = Release|Any CPU
	EndGlobalSection
	GlobalSection(SolutionProperties) = preSolution
		HideSolutionNode = FALSE
	EndGlobalSection
	GlobalSection(ExtensibilityGlobals) = postSolution
		SolutionGuid = {E761B1B3-EEFE-4E7F-84F4-547FE5FB4075}
	EndGlobalSection
EndGlobal
